
Microsoft Visual Studio Solution File, Format Version 12.00
# Visual Studio Version 17
VisualStudioVersion = 17.9.34607.119
MinimumVisualStudioVersion = 10.0.40219.1
Project("{FAE04EC0-301F-11D3-BF4B-00C04F79EFBC}") = "2.unite uygulama 15", "2.unite uygulama 15\2.unite uygulama 15.csproj", "{B1CF2D37-3BE3-46A6-82BC-776894A861DF}"
EndProject
Global
	GlobalSection(SolutionConfigurationPlatforms) = preSolution
		Debug|Any CPU = Debug|Any CPU
		Release|Any CPU = Release|Any CPU
	EndGlobalSection
	GlobalSection(ProjectConfigurationPlatforms) = postSolution
		{B1CF2D37-3BE3-46A6-82BC-776894A861DF}.Debug|Any CPU.ActiveCfg = Debug|Any CPU
		{B1CF2D37-3BE3-46A6-82BC-776894A861DF}.Debug|Any CPU.Build.0 = Debug|Any CPU
		{B1CF2D37-3BE3-46A6-82BC-776894A861DF}.Release|Any CPU.ActiveCfg = Release|Any CPU
		{B1CF2D37-3BE3-46A6-82BC-776894A861DF}.Release|Any CPU.Build.0 = Release|Any CPU
	EndGlobalSection
	GlobalSection(SolutionProperties) = preSolution
		HideSolutionNode = FALSE
	EndGlobalSection
	GlobalSection(ExtensibilityGlobals) = postSolution
		SolutionGuid = {7F680A5C-84C0-490F-BB38-16144394EE8D}
	EndGlobalSection
EndGlobal
